
Microsoft Visual Studio Solution File, Format Version 12.00
# Visual Studio 15
VisualStudioVersion = 15.0.27428.2005
MinimumVisualStudioVersion = 10.0.40219.1
Project("{2150E333-8FDC-42A3-9474-1A3956D46DE8}") = "src", "src", "{A5181346-89EE-46F3-AE5F-F92983FCCFA8}"
EndProject
Project("{2150E333-8FDC-42A3-9474-1A3956D46DE8}") = "test", "test", "{5E9395F2-43AC-4BFF-878C-317036E9AB04}"
EndProject
Project("{9A19103F-16F7-4668-BE54-9A1E7A4F7556}") = "HeadHunter.API", "src\HeadHunter.API\HeadHunter.API.csproj", "{1E4BCA8C-24B0-43A6-AD7B-9EC5F6447092}"
EndProject
Project("{9A19103F-16F7-4668-BE54-9A1E7A4F7556}") = "HeadHunter.API.Tests", "tests\HeadHunter.API.Tests\HeadHunter.API.Tests.csproj", "{825DF518-EF12-4B1C-A824-A1918D5024F8}"
EndProject
Project("{9A19103F-16F7-4668-BE54-9A1E7A4F7556}") = "Common.Fixtures", "tests\Common.Fixtures\Common.Fixtures.csproj", "{3E6AB3AE-103B-40DF-950E-42F5A79E2C6D}"
EndProject
Global
	GlobalSection(SolutionConfigurationPlatforms) = preSolution
		Debug|Any CPU = Debug|Any CPU
		Release|Any CPU = Release|Any CPU
	EndGlobalSection
	GlobalSection(ProjectConfigurationPlatforms) = postSolution
		{1E4BCA8C-24B0-43A6-AD7B-9EC5F6447092}.Debug|Any CPU.ActiveCfg = Debug|Any CPU
		{1E4BCA8C-24B0-43A6-AD7B-9EC5F6447092}.Debug|Any CPU.Build.0 = Debug|Any CPU
		{1E4BCA8C-24B0-43A6-AD7B-9EC5F6447092}.Release|Any CPU.ActiveCfg = Release|Any CPU
		{1E4BCA8C-24B0-43A6-AD7B-9EC5F6447092}.Release|Any CPU.Build.0 = Release|Any CPU
		{825DF518-EF12-4B1C-A824-A1918D5024F8}.Debug|Any CPU.ActiveCfg = Debug|Any CPU
		{825DF518-EF12-4B1C-A824-A1918D5024F8}.Debug|Any CPU.Build.0 = Debug|Any CPU
		{825DF518-EF12-4B1C-A824-A1918D5024F8}.Release|Any CPU.ActiveCfg = Release|Any CPU
		{825DF518-EF12-4B1C-A824-A1918D5024F8}.Release|Any CPU.Build.0 = Release|Any CPU
		{3E6AB3AE-103B-40DF-950E-42F5A79E2C6D}.Debug|Any CPU.ActiveCfg = Debug|Any CPU
		{3E6AB3AE-103B-40DF-950E-42F5A79E2C6D}.Debug|Any CPU.Build.0 = Debug|Any CPU
		{3E6AB3AE-103B-40DF-950E-42F5A79E2C6D}.Release|Any CPU.ActiveCfg = Release|Any CPU
		{3E6AB3AE-103B-40DF-950E-42F5A79E2C6D}.Release|Any CPU.Build.0 = Release|Any CPU
	EndGlobalSection
	GlobalSection(SolutionProperties) = preSolution
		HideSolutionNode = FALSE
	EndGlobalSection
	GlobalSection(NestedProjects) = preSolution
		{1E4BCA8C-24B0-43A6-AD7B-9EC5F6447092} = {A5181346-89EE-46F3-AE5F-F92983FCCFA8}
		{825DF518-EF12-4B1C-A824-A1918D5024F8} = {5E9395F2-43AC-4BFF-878C-317036E9AB04}
		{3E6AB3AE-103B-40DF-950E-42F5A79E2C6D} = {5E9395F2-43AC-4BFF-878C-317036E9AB04}
	EndGlobalSection
	GlobalSection(ExtensibilityGlobals) = postSolution
		SolutionGuid = {FE62F78C-2D73-4858-8059-6286BDE128D2}
	EndGlobalSection
EndGlobal
